[[package]]
name = "kyokusui"
version = "0.1.7"
description = ""
category = "main"
optional = false
python-versions = ">=3.6,<4.0"

[metadata]
lock-version = "1.1"
python-versions = "^3.6"
content-hash = "77854c5c87496f7f8459c62eafc9ff4e06b9ddde9e87664c6e265f386712a532"

[metadata.files]
kyokusui = [
    {file = "kyokusui-0.1.7-py3-none-any.whl", hash = "sha256:922ff2bb4d2ea01a742c04629c516430f83b3899a1faeab9d1bcc3be983661be"},
    {file = "kyokusui-0.1.7.tar.gz", hash = "sha256:954b4671b88fa0ea3972b08def08052cd64fd19e35927f8960d44f8e8682c185"},
]
